
Microsoft Visual Studio Solution File, Format Version 12.00
# Visual Studio Version 17
VisualStudioVersion = 17.10.34928.147
MinimumVisualStudioVersion = 10.0.40219.1
Project("{FAE04EC0-301F-11D3-BF4B-00C04F79EFBC}") = "ControleSeusGastos.API", "ControleSeusGastos.API\ControleSeusGastos.API.csproj", "{4F84E30F-17C6-4282-A64D-B0ACE0D66797}"
EndProject
Project("{FAE04EC0-301F-11D3-BF4B-00C04F79EFBC}") = "Domain", "Domain\Domain.csproj", "{FC080DD8-C414-4800-8A41-802FD031498B}"
EndProject
Project("{FAE04EC0-301F-11D3-BF4B-00C04F79EFBC}") = "Infrastructure", "Infrastructure\Infrastructure.csproj", "{A4D6EB7D-6BF8-40A5-962C-2172758E6AAF}"
EndProject
Project("{FAE04EC0-301F-11D3-BF4B-00C04F79EFBC}") = "Application", "Application\Application.csproj", "{10838FB9-2FA5-4286-A408-D3C9E0CE9C97}"
EndProject
Project("{FAE04EC0-301F-11D3-BF4B-00C04F79EFBC}") = "ControleSeusGastos.Integration.Tests", "ControleSeusGastos.Integration.Tests\ControleSeusGastos.Integration.Tests.csproj", "{34168DF3-8997-4AF4-B483-FD930D3D30D4}"
EndProject
Global
	GlobalSection(SolutionConfigurationPlatforms) = preSolution
		Debug|Any CPU = Debug|Any CPU
		Release|Any CPU = Release|Any CPU
	EndGlobalSection
	GlobalSection(ProjectConfigurationPlatforms) = postSolution
		{4F84E30F-17C6-4282-A64D-B0ACE0D66797}.Debug|Any CPU.ActiveCfg = Debug|Any CPU
		{4F84E30F-17C6-4282-A64D-B0ACE0D66797}.Debug|Any CPU.Build.0 = Debug|Any CPU
		{4F84E30F-17C6-4282-A64D-B0ACE0D66797}.Release|Any CPU.ActiveCfg = Release|Any CPU
		{4F84E30F-17C6-4282-A64D-B0ACE0D66797}.Release|Any CPU.Build.0 = Release|Any CPU
		{FC080DD8-C414-4800-8A41-802FD031498B}.Debug|Any CPU.ActiveCfg = Debug|Any CPU
		{FC080DD8-C414-4800-8A41-802FD031498B}.Debug|Any CPU.Build.0 = Debug|Any CPU
		{FC080DD8-C414-4800-8A41-802FD031498B}.Release|Any CPU.ActiveCfg = Release|Any CPU
		{FC080DD8-C414-4800-8A41-802FD031498B}.Release|Any CPU.Build.0 = Release|Any CPU
		{A4D6EB7D-6BF8-40A5-962C-2172758E6AAF}.Debug|Any CPU.ActiveCfg = Debug|Any CPU
		{A4D6EB7D-6BF8-40A5-962C-2172758E6AAF}.Debug|Any CPU.Build.0 = Debug|Any CPU
		{A4D6EB7D-6BF8-40A5-962C-2172758E6AAF}.Release|Any CPU.ActiveCfg = Release|Any CPU
		{A4D6EB7D-6BF8-40A5-962C-2172758E6AAF}.Release|Any CPU.Build.0 = Release|Any CPU
		{10838FB9-2FA5-4286-A408-D3C9E0CE9C97}.Debug|Any CPU.ActiveCfg = Debug|Any CPU
		{10838FB9-2FA5-4286-A408-D3C9E0CE9C97}.Debug|Any CPU.Build.0 = Debug|Any CPU
		{10838FB9-2FA5-4286-A408-D3C9E0CE9C97}.Release|Any CPU.ActiveCfg = Release|Any CPU
		{10838FB9-2FA5-4286-A408-D3C9E0CE9C97}.Release|Any CPU.Build.0 = Release|Any CPU
		{34168DF3-8997-4AF4-B483-FD930D3D30D4}.Debug|Any CPU.ActiveCfg = Debug|Any CPU
		{34168DF3-8997-4AF4-B483-FD930D3D30D4}.Debug|Any CPU.Build.0 = Debug|Any CPU
		{34168DF3-8997-4AF4-B483-FD930D3D30D4}.Release|Any CPU.ActiveCfg = Release|Any CPU
		{34168DF3-8997-4AF4-B483-FD930D3D30D4}.Release|Any CPU.Build.0 = Release|Any CPU
	EndGlobalSection
	GlobalSection(SolutionProperties) = preSolution
		HideSolutionNode = FALSE
	EndGlobalSection
	GlobalSection(ExtensibilityGlobals) = postSolution
		SolutionGuid = {2B5853A8-BA98-4049-A5ED-89FE692E5642}
	EndGlobalSection
EndGlobal
